
Microsoft Visual Studio Solution File, Format Version 12.00
# Visual Studio Version 17
VisualStudioVersion = 17.1.32319.34
MinimumVisualStudioVersion = 10.0.40219.1
Project("{FAE04EC0-301F-11D3-BF4B-00C04F79EFBC}") = "Lab7", "Lab7\Lab7.csproj", "{3D780B8F-8FAA-4E27-8ADB-DB92CD36CBE7}"
EndProject
Global
	GlobalSection(SolutionConfigurationPlatforms) = preSolution
		Debug|Any CPU = Debug|Any CPU
		Release|Any CPU = Release|Any CPU
	EndGlobalSection
	GlobalSection(ProjectConfigurationPlatforms) = postSolution
		{3D780B8F-8FAA-4E27-8ADB-DB92CD36CBE7}.Debug|Any CPU.ActiveCfg = Debug|Any CPU
		{3D780B8F-8FAA-4E27-8ADB-DB92CD36CBE7}.Debug|Any CPU.Build.0 = Debug|Any CPU
		{3D780B8F-8FAA-4E27-8ADB-DB92CD36CBE7}.Release|Any CPU.ActiveCfg = Release|Any CPU
		{3D780B8F-8FAA-4E27-8ADB-DB92CD36CBE7}.Release|Any CPU.Build.0 = Release|Any CPU
	EndGlobalSection
	GlobalSection(SolutionProperties) = preSolution
		HideSolutionNode = FALSE
	EndGlobalSection
	GlobalSection(ExtensibilityGlobals) = postSolution
		SolutionGuid = {C0D3E5C9-B197-4854-B00E-1C220835E5BD}
	EndGlobalSection
EndGlobal
